// !$*UTF8*$!
{
	archiveVersion = 1;
	classes = {
	};
	objectVersion = 46;
	objects = {

/* Begin PBXBuildFile section */
		6053859519633A2100D499D7 /* Foundation.framework in Frameworks */ = {isa = PBXBuildFile; fileRef = 6053859419633A2100D499D7 /* Foundation.framework */; };
		6053859719633A2100D499D7 /* CoreGraphics.framework in Frameworks */ = {isa = PBXBuildFile; fileRef = 6053859619633A2100D499D7 /* CoreGraphics.framework */; };
		6053859919633A2100D499D7 /* UIKit.framework in Frameworks */ = {isa = PBXBuildFile; fileRef = 6053859819633A2100D499D7 /* UIKit.framework */; };
		6053859F19633A2100D499D7 /* InfoPlist.strings in Resources */ = {isa = PBXBuildFile; fileRef = 6053859D19633A2100D499D7 /* InfoPlist.strings */; };
		605385A119633A2100D499D7 /* main.m in Sources */ = {isa = PBXBuildFile; fileRef = 605385A019633A2100D499D7 /* main.m */; };
		605385A519633A2100D499D7 /* AppDelegate.m in Sources */ = {isa = PBXBuildFile; fileRef = 605385A419633A2100D499D7 /* AppDelegate.m */; };
		605385A719633A2100D499D7 /* Images.xcassets in Resources */ = {isa = PBXBuildFile; fileRef = 605385A619633A2100D499D7 /* Images.xcassets */; };
		605385AE19633A2100D499D7 /* XCTest.framework in Frameworks */ = {isa = PBXBuildFile; fileRef = 605385AD19633A2100D499D7 /* XCTest.framework */; };
		605385AF19633A2100D499D7 /* Foundation.framework in Frameworks */ = {isa = PBXBuildFile; fileRef = 6053859419633A2100D499D7 /* Foundation.framework */; };
		605385B019633A2100D499D7 /* UIKit.framework in Frameworks */ = {isa = PBXBuildFile; fileRef = 6053859819633A2100D499D7 /* UIKit.framework */; };
		605385B819633A2100D499D7 /* InfoPlist.strings in Resources */ = {isa = PBXBuildFile; fileRef = 605385B619633A2100D499D7 /* InfoPlist.strings */; };
		605385BA19633A2100D499D7 /* Desafio0107Tests.m in Sources */ = {isa = PBXBuildFile; fileRef = 605385B919633A2100D499D7 /* Desafio0107Tests.m */; };
		605385C619633A3000D499D7 /* FirstViewController.m in Sources */ = {isa = PBXBuildFile; fileRef = 605385C419633A3000D499D7 /* FirstViewController.m */; };
		605385C719633A3000D499D7 /* FirstViewController.xib in Resources */ = {isa = PBXBuildFile; fileRef = 605385C519633A3000D499D7 /* FirstViewController.xib */; };
		605385C91963555000D499D7 /* dados.plist in Resources */ = {isa = PBXBuildFile; fileRef = 605385C81963555000D499D7 /* dados.plist */; };
		60E4EE4819649D4B0033E64D /* Dados.m in Sources */ = {isa = PBXBuildFile; fileRef = 60E4EE4719649D4B0033E64D /* Dados.m */; };
/* End PBXBuildFile section */

/* Begin PBXContainerItemProxy section */
		605385B119633A2100D499D7 /* PBXContainerItemProxy */ = {
			isa = PBXContainerItemProxy;
			containerPortal = 6053858919633A2100D499D7 /* Project object */;
			proxyType = 1;
			remoteGlobalIDString = 6053859019633A2100D499D7;
			remoteInfo = Desafio0107;
		};
/* End PBXContainerItemProxy section */

/* Begin PBXFileReference section */
		6053859119633A2100D499D7 /* Desafio0107.app */ = {isa = PBXFileReference; explicitFileType = wrapper.application; includeInIndex = 0; path = Desafio0107.app; sourceTree = BUILT_PRODUCTS_DIR; };
		6053859419633A2100D499D7 /* Foundation.framework */ = {isa = PBXFileReference; lastKnownFileType = wrapper.framework; name = Foundation.framework; path = System/Library/Frameworks/Foundation.framework; sourceTree = SDKROOT; };
		6053859619633A2100D499D7 /* CoreGraphics.framework */ = {isa = PBXFileReference; lastKnownFileType = wrapper.framework; name = CoreGraphics.framework; path = System/Library/Frameworks/CoreGraphics.framework; sourceTree = SDKROOT; };
		6053859819633A2100D499D7 /* UIKit.framework */ = {isa = PBXFileReference; lastKnownFileType = wrapper.framework; name = UIKit.framework; path = System/Library/Frameworks/UIKit.framework; sourceTree = SDKROOT; };
		6053859C19633A2100D499D7 /* Desafio0107-Info.plist */ = {isa = PBXFileReference; lastKnownFileType = text.plist.xml; path = "Desafio0107-Info.plist"; sourceTree = "<group>"; };
		6053859E19633A2100D499D7 /* en */ = {isa = PBXFileReference; lastKnownFileType = text.plist.strings; name = en; path = en.lproj/InfoPlist.strings; sourceTree = "<group>"; };
		605385A019633A2100D499D7 /* main.m */ = {isa = PBXFileReference; lastKnownFileType = sourcecode.c.objc; path = main.m; sourceTree = "<group>"; };
		605385A219633A2100D499D7 /* Desafio0107-Prefix.pch */ = {isa = PBXFileReference; lastKnownFileType = sourcecode.c.h; path = "Desafio0107-Prefix.pch"; sourceTree = "<group>"; };
		605385A319633A2100D499D7 /* AppDelegate.h */ = {isa = PBXFileReference; lastKnownFileType = sourcecode.c.h; path = AppDelegate.h; sourceTree = "<group>"; };
		605385A419633A2100D499D7 /* AppDelegate.m */ = {isa = PBXFileReference; lastKnownFileType = sourcecode.c.objc; path = AppDelegate.m; sourceTree = "<group>"; };
		605385A619633A2100D499D7 /* Images.xcassets */ = {isa = PBXFileReference; lastKnownFileType = folder.assetcatalog; path = Images.xcassets; sourceTree = "<group>"; };
		605385AC19633A2100D499D7 /* Desafio0107Tests.xctest */ = {isa = PBXFileReference; explicitFileType = wrapper.cfbundle; includeInIndex = 0; path = Desafio0107Tests.xctest; sourceTree = BUILT_PRODUCTS_DIR; };
		605385AD19633A2100D499D7 /* XCTest.framework */ = {isa = PBXFileReference; lastKnownFileType = wrapper.framework; name = XCTest.framework; path = Library/Frameworks/XCTest.framework; sourceTree = DEVELOPER_DIR; };
		605385B519633A2100D499D7 /* Desafio0107Tests-Info.plist */ = {isa = PBXFileReference; lastKnownFileType = text.plist.xml; path = "Desafio0107Tests-Info.plist"; sourceTree = "<group>"; };
		605385B719633A2100D499D7 /* en */ = {isa = PBXFileReference; lastKnownFileType = text.plist.strings; name = en; path = en.lproj/InfoPlist.strings; sourceTree = "<group>"; };
		605385B919633A2100D499D7 /* Desafio0107Tests.m */ = {isa = PBXFileReference; lastKnownFileType = sourcecode.c.objc; path = Desafio0107Tests.m; sourceTree = "<group>"; };
		605385C319633A3000D499D7 /* FirstViewController.h */ = {isa = PBXFileReference; fileEncoding = 4; lastKnownFileType = sourcecode.c.h; path = FirstViewController.h; sourceTree = "<group>"; };
		605385C419633A3000D499D7 /* FirstViewController.m */ = {isa = PBXFileReference; fileEncoding = 4; lastKnownFileType = sourcecode.c.objc; path = FirstViewController.m; sourceTree = "<group>"; };
		605385C519633A3000D499D7 /* FirstViewController.xib */ = {isa = PBXFileReference; fileEncoding = 4; lastKnownFileType = file.xib; path = FirstViewController.xib; sourceTree = "<group>"; };
		605385C81963555000D499D7 /* dados.plist */ = {isa = PBXFileReference; fileEncoding = 4; lastKnownFileType = text.plist.xml; path = dados.plist; sourceTree = "<group>"; };
		60E4EE4619649D4B0033E64D /* Dados.h */ = {isa = PBXFileReference; fileEncoding = 4; lastKnownFileType = sourcecode.c.h; path = Dados.h; sourceTree = "<group>"; };
		60E4EE4719649D4B0033E64D /* Dados.m */ = {isa = PBXFileReference; fileEncoding = 4; lastKnownFileType = sourcecode.c.objc; path = Dados.m; sourceTree = "<group>"; };
/* End PBXFileReference section */

/* Begin PBXFrameworksBuildPhase section */
		6053858E19633A2100D499D7 /* Frameworks */ = {
			isa = PBXFrameworksBuildPhase;
			buildActionMask = 2147483647;
			files = (
				6053859719633A2100D499D7 /* CoreGraphics.framework in Frameworks */,
				6053859919633A2100D499D7 /* UIKit.framework in Frameworks */,
				6053859519633A2100D499D7 /* Foundation.framework in Frameworks */,
			);
			runOnlyForDeploymentPostprocessing = 0;
		};
		605385A919633A2100D499D7 /* Frameworks */ = {
			isa = PBXFrameworksBuildPhase;
			buildActionMask = 2147483647;
			files = (
				605385AE19633A2100D499D7 /* XCTest.framework in Frameworks */,
				605385B019633A2100D499D7 /* UIKit.framework in Frameworks */,
				605385AF19633A2100D499D7 /* Foundation.framework in Frameworks */,
			);
			runOnlyForDeploymentPostprocessing = 0;
		};
/* End PBXFrameworksBuildPhase section */

/* Begin PBXGroup section */
		6053858819633A2100D499D7 = {
			isa = PBXGroup;
			children = (
				6053859A19633A2100D499D7 /* Desafio0107 */,
				605385B319633A2100D499D7 /* Desafio0107Tests */,
				6053859319633A2100D499D7 /* Frameworks */,
				6053859219633A2100D499D7 /* Products */,
			);
			sourceTree = "<group>";
		};
		6053859219633A2100D499D7 /* Products */ = {
			isa = PBXGroup;
			children = (
				6053859119633A2100D499D7 /* Desafio0107.app */,
				605385AC19633A2100D499D7 /* Desafio0107Tests.xctest */,
			);
			name = Products;
			sourceTree = "<group>";
		};
		6053859319633A2100D499D7 /* Frameworks */ = {
			isa = PBXGroup;
			children = (
				6053859419633A2100D499D7 /* Foundation.framework */,
				6053859619633A2100D499D7 /* CoreGraphics.framework */,
				6053859819633A2100D499D7 /* UIKit.framework */,
				605385AD19633A2100D499D7 /* XCTest.framework */,
			);
			name = Frameworks;
			sourceTree = "<group>";
		};
		6053859A19633A2100D499D7 /* Desafio0107 */ = {
			isa = PBXGroup;
			children = (
				605385A319633A2100D499D7 /* AppDelegate.h */,
				605385A419633A2100D499D7 /* AppDelegate.m */,
				60E4EE4619649D4B0033E64D /* Dados.h */,
				60E4EE4719649D4B0033E64D /* Dados.m */,
				605385C319633A3000D499D7 /* FirstViewController.h */,
				605385C419633A3000D499D7 /* FirstViewController.m */,
				605385C519633A3000D499D7 /* FirstViewController.xib */,
				605385A619633A2100D499D7 /* Images.xcassets */,
				6053859B19633A2100D499D7 /* Supporting Files */,
				605385C81963555000D499D7 /* dados.plist */,
			);
			path = Desafio0107;
			sourceTree = "<group>";
		};
		6053859B19633A2100D499D7 /* Supporting Files */ = {
			isa = PBXGroup;
			children = (
				6053859C19633A2100D499D7 /* Desafio0107-Info.plist */,
				6053859D19633A2100D499D7 /* InfoPlist.strings */,
				605385A019633A2100D499D7 /* main.m */,
				605385A219633A2100D499D7 /* Desafio0107-Prefix.pch */,
			);
			name = "Supporting Files";
			sourceTree = "<group>";
		};
		605385B319633A2100D499D7 /* Desafio0107Tests */ = {
			isa = PBXGroup;
			children = (
				605385B919633A2100D499D7 /* Desafio0107Tests.m */,
				605385B419633A2100D499D7 /* Supporting Files */,
			);
			path = Desafio0107Tests;
			sourceTree = "<group>";
		};
		605385B419633A2100D499D7 /* Supporting Files */ = {
			isa = PBXGroup;
			children = (
				605385B519633A2100D499D7 /* Desafio0107Tests-Info.plist */,
				605385B619633A2100D499D7 /* InfoPlist.strings */,
			);
			name = "Supporting Files";
			sourceTree = "<group>";
		};
/* End PBXGroup section */

/* Begin PBXNativeTarget section */
		6053859019633A2100D499D7 /* Desafio0107 */ = {
			isa = PBXNativeTarget;
			buildConfigurationList = 605385BD19633A2100D499D7 /* Build configuration list for PBXNativeTarget "Desafio0107" */;
			buildPhases = (
				6053858D19633A2100D499D7 /* Sources */,
				6053858E19633A2100D499D7 /* Frameworks */,
				6053858F19633A2100D499D7 /* Resources */,
			);
			buildRules = (
			);
			dependencies = (
			);
			name = Desafio0107;
			productName = Desafio0107;
			productReference = 6053859119633A2100D499D7 /* Desafio0107.app */;
			productType = "com.apple.product-type.application";
		};
		605385AB19633A2100D499D7 /* Desafio0107Tests */ = {
			isa = PBXNativeTarget;
			buildConfigurationList = 605385C019633A2100D499D7 /* Build configuration list for PBXNativeTarget "Desafio0107Tests" */;
			buildPhases = (
				605385A819633A2100D499D7 /* Sources */,
				605385A919633A2100D499D7 /* Frameworks */,
				605385AA19633A2100D499D7 /* Resources */,
			);
			buildRules = (
			);
			dependencies = (
				605385B219633A2100D499D7 /* PBXTargetDependency */,
			);
			name = Desafio0107Tests;
			productName = Desafio0107Tests;
			productReference = 605385AC19633A2100D499D7 /* Desafio0107Tests.xctest */;
			productType = "com.apple.product-type.bundle.unit-test";
		};
/* End PBXNativeTarget section */

/* Begin PBXProject section */
		6053858919633A2100D499D7 /* Project object */ = {
			isa = PBXProject;
			attributes = {
				LastUpgradeCheck = 0510;
				ORGANIZATIONNAME = "Luis Resende";
				TargetAttributes = {
					605385AB19633A2100D499D7 = {
						TestTargetID = 6053859019633A2100D499D7;
					};
				};
			};
			buildConfigurationList = 6053858C19633A2100D499D7 /* Build configuration list for PBXProject "Desafio0107" */;
			compatibilityVersion = "Xcode 3.2";
			developmentRegion = English;
			hasScannedForEncodings = 0;
			knownRegions = (
				en,
			);
			mainGroup = 6053858819633A2100D499D7;
			productRefGroup = 6053859219633A2100D499D7 /* Products */;
			projectDirPath = "";
			projectRoot = "";
			targets = (
				6053859019633A2100D499D7 /* Desafio0107 */,
				605385AB19633A2100D499D7 /* Desafio0107Tests */,
			);
		};
/* End PBXProject section */

/* Begin PBXResourcesBuildPhase section */
		6053858F19633A2100D499D7 /* Resources */ = {
			isa = PBXResourcesBuildPhase;
			buildActionMask = 2147483647;
			files = (
				605385C91963555000D499D7 /* dados.plist in Resources */,
				6053859F19633A2100D499D7 /* InfoPlist.strings in Resources */,
				605385C719633A3000D499D7 /* FirstViewController.xib in Resources */,
				605385A719633A2100D499D7 /* Images.xcassets in Resources */,
			);
			runOnlyForDeploymentPostprocessing = 0;
		};
		605385AA19633A2100D499D7 /* Resources */ = {
			isa = PBXResourcesBuildPhase;
			buildActionMask = 2147483647;
			files = (
				605385B819633A2100D499D7 /* InfoPlist.strings in Resources */,
			);
			runOnlyForDeploymentPostprocessing = 0;
		};
/* End PBXResourcesBuildPhase section */

/* Begin PBXSourcesBuildPhase section */
		6053858D19633A2100D499D7 /* Sources */ = {
			isa = PBXSourcesBuildPhase;
			buildActionMask = 2147483647;
			files = (
				605385A519633A2100D499D7 /* AppDelegate.m in Sources */,
				60E4EE4819649D4B0033E64D /* Dados.m in Sources */,
				605385C619633A3000D499D7 /* FirstViewController.m in Sources */,
				605385A119633A2100D499D7 /* main.m in Sources */,
			);
			runOnlyForDeploymentPostprocessing = 0;
		};
		605385A819633A2100D499D7 /* Sources */ = {
			isa = PBXSourcesBuildPhase;
			buildActionMask = 2147483647;
			files = (
				605385BA19633A2100D499D7 /* Desafio0107Tests.m in Sources */,
			);
			runOnlyForDeploymentPostprocessing = 0;
		};
/* End PBXSourcesBuildPhase section */

/* Begin PBXTargetDependency section */
		605385B219633A2100D499D7 /* PBXTargetDependency */ = {
			isa = PBXTargetDependency;
			target = 6053859019633A2100D499D7 /* Desafio0107 */;
			targetProxy = 605385B119633A2100D499D7 /* PBXContainerItemProxy */;
		};
/* End PBXTargetDependency section */

/* Begin PBXVariantGroup section */
		6053859D19633A2100D499D7 /* InfoPlist.strings */ = {
			isa = PBXVariantGroup;
			children = (
				6053859E19633A2100D499D7 /* en */,
			);
			name = InfoPlist.strings;
			sourceTree = "<group>";
		};
		605385B619633A2100D499D7 /* InfoPlist.strings */ = {
			isa = PBXVariantGroup;
			children = (
				605385B719633A2100D499D7 /* en */,
			);
			name = InfoPlist.strings;
			sourceTree = "<group>";
		};
/* End PBXVariantGroup section */

/* Begin XCBuildConfiguration section */
		605385BB19633A2100D499D7 /* Debug */ = {
			isa = XCBuildConfiguration;
			buildSettings = {
				ALWAYS_SEARCH_USER_PATHS = NO;
				CLANG_CXX_LANGUAGE_STANDARD = "gnu++0x";
				CLANG_CXX_LIBRARY = "libc++";
				CLANG_ENABLE_MODULES = YES;
				CLANG_ENABLE_OBJC_ARC = YES;
				CLANG_WARN_BOOL_CONVERSION = YES;
				CLANG_WARN_CONSTANT_CONVERSION = YES;
				CLANG_WARN_DIRECT_OBJC_ISA_USAGE = YES_ERROR;
				CLANG_WARN_EMPTY_BODY = YES;
				CLANG_WARN_ENUM_CONVERSION = YES;
				CLANG_WARN_INT_CONVERSION = YES;
				CLANG_WARN_OBJC_ROOT_CLASS = YES_ERROR;
				CLANG_WARN__DUPLICATE_METHOD_MATCH = YES;
				"CODE_SIGN_IDENTITY[sdk=iphoneos*]" = "iPhone Developer";
				COPY_PHASE_STRIP = NO;
				GCC_C_LANGUAGE_STANDARD = gnu99;
				GCC_DYNAMIC_NO_PIC = NO;
				GCC_OPTIMIZATION_LEVEL = 0;
				GCC_PREPROCESSOR_DEFINITIONS = (
					"DEBUG=1",
					"$(inherited)",
				);
				GCC_SYMBOLS_PRIVATE_EXTERN = NO;
				GCC_WARN_64_TO_32_BIT_CONVERSION = YES;
				GCC_WARN_ABOUT_RETURN_TYPE = YES_ERROR;
				GCC_WARN_UNDECLARED_SELECTOR = YES;
				GCC_WARN_UNINITIALIZED_AUTOS = YES_AGGRESSIVE;
				GCC_WARN_UNUSED_FUNCTION = YES;
				GCC_WARN_UNUSED_VARIABLE = YES;
				IPHONEOS_DEPLOYMENT_TARGET = 7.1;
				ONLY_ACTIVE_ARCH = YES;
				SDKROOT = iphoneos;
			};
			name = Debug;
		};
		605385BC19633A2100D499D7 /* Release */ = {
			isa = XCBuildConfiguration;
			buildSettings = {
				ALWAYS_SEARCH_USER_PATHS = NO;
				CLANG_CXX_LANGUAGE_STANDARD = "gnu++0x";
				CLANG_CXX_LIBRARY = "libc++";
				CLANG_ENABLE_MODULES = YES;
				CLANG_ENABLE_OBJC_ARC = YES;
				CLANG_WARN_BOOL_CONVERSION = YES;
				CLANG_WARN_CONSTANT_CONVERSION = YES;
				CLANG_WARN_DIRECT_OBJC_ISA_USAGE = YES_ERROR;
				CLANG_WARN_EMPTY_BODY = YES;
				CLANG_WARN_ENUM_CONVERSION = YES;
				CLANG_WARN_INT_CONVERSION = YES;
				CLANG_WARN_OBJC_ROOT_CLASS = YES_ERROR;
				CLANG_WARN__DUPLICATE_METHOD_MATCH = YES;
				"CODE_SIGN_IDENTITY[sdk=iphoneos*]" = "iPhone Developer";
				COPY_PHASE_STRIP = YES;
				ENABLE_NS_ASSERTIONS = NO;
				GCC_C_LANGUAGE_STANDARD = gnu99;
				GCC_WARN_64_TO_32_BIT_CONVERSION = YES;
				GCC_WARN_ABOUT_RETURN_TYPE = YES_ERROR;
				GCC_WARN_UNDECLARED_SELECTOR = YES;
				GCC_WARN_UNINITIALIZED_AUTOS = YES_AGGRESSIVE;
				GCC_WARN_UNUSED_FUNCTION = YES;
				GCC_WARN_UNUSED_VARIABLE = YES;
				IPHONEOS_DEPLOYMENT_TARGET = 7.1;
				SDKROOT = iphoneos;
				VALIDATE_PRODUCT = YES;
			};
			name = Release;
		};
		605385BE19633A2100D499D7 /* Debug */ = {
			isa = XCBuildConfiguration;
			buildSettings = {
				ASSETCATALOG_COMPILER_APPICON_NAME = AppIcon;
				ASSETCATALOG_COMPILER_LAUNCHIMAGE_NAME = LaunchImage;
				GCC_PRECOMPILE_PREFIX_HEADER = YES;
				GCC_PREFIX_HEADER = "Desafio0107/Desafio0107-Prefix.pch";
				INFOPLIST_FILE = "Desafio0107/Desafio0107-Info.plist";
				PRODUCT_NAME = "$(TARGET_NAME)";
				WRAPPER_EXTENSION = app;
			};
			name = Debug;
		};
		605385BF19633A2100D499D7 /* Release */ = {
			isa = XCBuildConfiguration;
			buildSettings = {
				ASSETCATALOG_COMPILER_APPICON_NAME = AppIcon;
				ASSETCATALOG_COMPILER_LAUNCHIMAGE_NAME = LaunchImage;
				GCC_PRECOMPILE_PREFIX_HEADER = YES;
				GCC_PREFIX_HEADER = "Desafio0107/Desafio0107-Prefix.pch";
				INFOPLIST_FILE = "Desafio0107/Desafio0107-Info.plist";
				PRODUCT_NAME = "$(TARGET_NAME)";
				WRAPPER_EXTENSION = app;
			};
			name = Release;
		};
		605385C119633A2100D499D7 /* Debug */ = {
			isa = XCBuildConfiguration;
			buildSettings = {
				BUNDLE_LOADER = "$(BUILT_PRODUCTS_DIR)/Desafio0107.app/Desafio0107";
				FRAMEWORK_SEARCH_PATHS = (
					"$(SDKROOT)/Developer/Library/Frameworks",
					"$(inherited)",
					"$(DEVELOPER_FRAMEWORKS_DIR)",
				);
				GCC_PRECOMPILE_PREFIX_HEADER = YES;
				GCC_PREFIX_HEADER = "Desafio0107/Desafio0107-Prefix.pch";
				GCC_PREPROCESSOR_DEFINITIONS = (
					"DEBUG=1",
					"$(inherited)",
				);
				INFOPLIST_FILE = "Desafio0107Tests/Desafio0107Tests-Info.plist";
				PRODUCT_NAME = "$(TARGET_NAME)";
				TEST_HOST = "$(BUNDLE_LOADER)";
				WRAPPER_EXTENSION = xctest;
			};
			name = Debug;
		};
		605385C219633A2100D499D7 /* Release */ = {
			isa = XCBuildConfiguration;
			buildSettings = {
				BUNDLE_LOADER = "$(BUILT_PRODUCTS_DIR)/Desafio0107.app/Desafio0107";
				FRAMEWORK_SEARCH_PATHS = (
					"$(SDKROOT)/Developer/Library/Frameworks",
					"$(inherited)",
					"$(DEVELOPER_FRAMEWORKS_DIR)",
				);
				GCC_PRECOMPILE_PREFIX_HEADER = YES;
				GCC_PREFIX_HEADER = "Desafio0107/Desafio0107-Prefix.pch";
				INFOPLIST_FILE = "Desafio0107Tests/Desafio0107Tests-Info.plist";
				PRODUCT_NAME = "$(TARGET_NAME)";
				TEST_HOST = "$(BUNDLE_LOADER)";
				WRAPPER_EXTENSION = xctest;
			};
			name = Release;
		};
/* End XCBuildConfiguration section */

/* Begin XCConfigurationList section */
		6053858C19633A2100D499D7 /* Build configuration list for PBXProject "Desafio0107" */ = {
			isa = XCConfigurationList;
			buildConfigurations = (
				605385BB19633A2100D499D7 /* Debug */,
				605385BC19633A2100D499D7 /* Release */,
			);
			defaultConfigurationIsVisible = 0;
			defaultConfigurationName = Release;
		};
		605385BD19633A2100D499D7 /* Build configuration list for PBXNativeTarget "Desafio0107" */ = {
			isa = XCConfigurationList;
			buildConfigurations = (
				605385BE19633A2100D499D7 /* Debug */,
				605385BF19633A2100D499D7 /* Release */,
			);
			defaultConfigurationIsVisible = 0;
			defaultConfigurationName = Release;
		};
		605385C019633A2100D499D7 /* Build configuration list for PBXNativeTarget "Desafio0107Tests" */ = {
			isa = XCConfigurationList;
			buildConfigurations = (
				605385C119633A2100D499D7 /* Debug */,
				605385C219633A2100D499D7 /* Release */,
			);
			defaultConfigurationIsVisible = 0;
			defaultConfigurationName = Release;
		};
/* End XCConfigurationList section */
	};
	rootObject = 6053858919633A2100D499D7 /* Project object */;
}
