// !$*UTF8*$!
{
	archiveVersion = 1;
	classes = {
	};
	objectVersion = 46;
	objects = {

/* Begin PBXBuildFile section */
		60DBEDF6196DBA6E00FE1B9D /* Foundation.framework in Frameworks */ = {isa = PBXBuildFile; fileRef = 60DBEDF5196DBA6E00FE1B9D /* Foundation.framework */; };
		60DBEDF8196DBA6E00FE1B9D /* CoreGraphics.framework in Frameworks */ = {isa = PBXBuildFile; fileRef = 60DBEDF7196DBA6E00FE1B9D /* CoreGraphics.framework */; };
		60DBEDFA196DBA6E00FE1B9D /* UIKit.framework in Frameworks */ = {isa = PBXBuildFile; fileRef = 60DBEDF9196DBA6E00FE1B9D /* UIKit.framework */; };
		60DBEE00196DBA6E00FE1B9D /* InfoPlist.strings in Resources */ = {isa = PBXBuildFile; fileRef = 60DBEDFE196DBA6E00FE1B9D /* InfoPlist.strings */; };
		60DBEE02196DBA6E00FE1B9D /* main.m in Sources */ = {isa = PBXBuildFile; fileRef = 60DBEE01196DBA6E00FE1B9D /* main.m */; };
		60DBEE06196DBA6E00FE1B9D /* AppDelegate.m in Sources */ = {isa = PBXBuildFile; fileRef = 60DBEE05196DBA6E00FE1B9D /* AppDelegate.m */; };
		60DBEE08196DBA6E00FE1B9D /* Images.xcassets in Resources */ = {isa = PBXBuildFile; fileRef = 60DBEE07196DBA6E00FE1B9D /* Images.xcassets */; };
		60DBEE0F196DBA6E00FE1B9D /* XCTest.framework in Frameworks */ = {isa = PBXBuildFile; fileRef = 60DBEE0E196DBA6E00FE1B9D /* XCTest.framework */; };
		60DBEE10196DBA6E00FE1B9D /* Foundation.framework in Frameworks */ = {isa = PBXBuildFile; fileRef = 60DBEDF5196DBA6E00FE1B9D /* Foundation.framework */; };
		60DBEE11196DBA6E00FE1B9D /* UIKit.framework in Frameworks */ = {isa = PBXBuildFile; fileRef = 60DBEDF9196DBA6E00FE1B9D /* UIKit.framework */; };
		60DBEE19196DBA6E00FE1B9D /* InfoPlist.strings in Resources */ = {isa = PBXBuildFile; fileRef = 60DBEE17196DBA6E00FE1B9D /* InfoPlist.strings */; };
		60DBEE1B196DBA6E00FE1B9D /* TableView_CompletoTests.m in Sources */ = {isa = PBXBuildFile; fileRef = 60DBEE1A196DBA6E00FE1B9D /* TableView_CompletoTests.m */; };
		60DBEE27196DBADB00FE1B9D /* MJRPrincipalViewController.m in Sources */ = {isa = PBXBuildFile; fileRef = 60DBEE25196DBADB00FE1B9D /* MJRPrincipalViewController.m */; };
		60DBEE28196DBADB00FE1B9D /* MJRPrincipalViewController.xib in Resources */ = {isa = PBXBuildFile; fileRef = 60DBEE26196DBADB00FE1B9D /* MJRPrincipalViewController.xib */; };
/* End PBXBuildFile section */

/* Begin PBXContainerItemProxy section */
		60DBEE12196DBA6E00FE1B9D /* PBXContainerItemProxy */ = {
			isa = PBXContainerItemProxy;
			containerPortal = 60DBEDEA196DBA6E00FE1B9D /* Project object */;
			proxyType = 1;
			remoteGlobalIDString = 60DBEDF1196DBA6E00FE1B9D;
			remoteInfo = "TableView-Completo";
		};
/* End PBXContainerItemProxy section */

/* Begin PBXFileReference section */
		60DBEDF2196DBA6E00FE1B9D /* TableView-Completo.app */ = {isa = PBXFileReference; explicitFileType = wrapper.application; includeInIndex = 0; path = "TableView-Completo.app"; sourceTree = BUILT_PRODUCTS_DIR; };
		60DBEDF5196DBA6E00FE1B9D /* Foundation.framework */ = {isa = PBXFileReference; lastKnownFileType = wrapper.framework; name = Foundation.framework; path = System/Library/Frameworks/Foundation.framework; sourceTree = SDKROOT; };
		60DBEDF7196DBA6E00FE1B9D /* CoreGraphics.framework */ = {isa = PBXFileReference; lastKnownFileType = wrapper.framework; name = CoreGraphics.framework; path = System/Library/Frameworks/CoreGraphics.framework; sourceTree = SDKROOT; };
		60DBEDF9196DBA6E00FE1B9D /* UIKit.framework */ = {isa = PBXFileReference; lastKnownFileType = wrapper.framework; name = UIKit.framework; path = System/Library/Frameworks/UIKit.framework; sourceTree = SDKROOT; };
		60DBEDFD196DBA6E00FE1B9D /* TableView-Completo-Info.plist */ = {isa = PBXFileReference; lastKnownFileType = text.plist.xml; path = "TableView-Completo-Info.plist"; sourceTree = "<group>"; };
		60DBEDFF196DBA6E00FE1B9D /* en */ = {isa = PBXFileReference; lastKnownFileType = text.plist.strings; name = en; path = en.lproj/InfoPlist.strings; sourceTree = "<group>"; };
		60DBEE01196DBA6E00FE1B9D /* main.m */ = {isa = PBXFileReference; lastKnownFileType = sourcecode.c.objc; path = main.m; sourceTree = "<group>"; };
		60DBEE03196DBA6E00FE1B9D /* TableView-Completo-Prefix.pch */ = {isa = PBXFileReference; lastKnownFileType = sourcecode.c.h; path = "TableView-Completo-Prefix.pch"; sourceTree = "<group>"; };
		60DBEE04196DBA6E00FE1B9D /* AppDelegate.h */ = {isa = PBXFileReference; lastKnownFileType = sourcecode.c.h; path = AppDelegate.h; sourceTree = "<group>"; };
		60DBEE05196DBA6E00FE1B9D /* AppDelegate.m */ = {isa = PBXFileReference; lastKnownFileType = sourcecode.c.objc; path = AppDelegate.m; sourceTree = "<group>"; };
		60DBEE07196DBA6E00FE1B9D /* Images.xcassets */ = {isa = PBXFileReference; lastKnownFileType = folder.assetcatalog; path = Images.xcassets; sourceTree = "<group>"; };
		60DBEE0D196DBA6E00FE1B9D /* TableView-CompletoTests.xctest */ = {isa = PBXFileReference; explicitFileType = wrapper.cfbundle; includeInIndex = 0; path = "TableView-CompletoTests.xctest"; sourceTree = BUILT_PRODUCTS_DIR; };
		60DBEE0E196DBA6E00FE1B9D /* XCTest.framework */ = {isa = PBXFileReference; lastKnownFileType = wrapper.framework; name = XCTest.framework; path = Library/Frameworks/XCTest.framework; sourceTree = DEVELOPER_DIR; };
		60DBEE16196DBA6E00FE1B9D /* TableView-CompletoTests-Info.plist */ = {isa = PBXFileReference; lastKnownFileType = text.plist.xml; path = "TableView-CompletoTests-Info.plist"; sourceTree = "<group>"; };
		60DBEE18196DBA6E00FE1B9D /* en */ = {isa = PBXFileReference; lastKnownFileType = text.plist.strings; name = en; path = en.lproj/InfoPlist.strings; sourceTree = "<group>"; };
		60DBEE1A196DBA6E00FE1B9D /* TableView_CompletoTests.m */ = {isa = PBXFileReference; lastKnownFileType = sourcecode.c.objc; path = TableView_CompletoTests.m; sourceTree = "<group>"; };
		60DBEE24196DBADB00FE1B9D /* MJRPrincipalViewController.h */ = {isa = PBXFileReference; fileEncoding = 4; lastKnownFileType = sourcecode.c.h; path = MJRPrincipalViewController.h; sourceTree = "<group>"; };
		60DBEE25196DBADB00FE1B9D /* MJRPrincipalViewController.m */ = {isa = PBXFileReference; fileEncoding = 4; lastKnownFileType = sourcecode.c.objc; path = MJRPrincipalViewController.m; sourceTree = "<group>"; };
		60DBEE26196DBADB00FE1B9D /* MJRPrincipalViewController.xib */ = {isa = PBXFileReference; fileEncoding = 4; lastKnownFileType = file.xib; path = MJRPrincipalViewController.xib; sourceTree = "<group>"; };
/* End PBXFileReference section */

/* Begin PBXFrameworksBuildPhase section */
		60DBEDEF196DBA6E00FE1B9D /* Frameworks */ = {
			isa = PBXFrameworksBuildPhase;
			buildActionMask = 2147483647;
			files = (
				60DBEDF8196DBA6E00FE1B9D /* CoreGraphics.framework in Frameworks */,
				60DBEDFA196DBA6E00FE1B9D /* UIKit.framework in Frameworks */,
				60DBEDF6196DBA6E00FE1B9D /* Foundation.framework in Frameworks */,
			);
			runOnlyForDeploymentPostprocessing = 0;
		};
		60DBEE0A196DBA6E00FE1B9D /* Frameworks */ = {
			isa = PBXFrameworksBuildPhase;
			buildActionMask = 2147483647;
			files = (
				60DBEE0F196DBA6E00FE1B9D /* XCTest.framework in Frameworks */,
				60DBEE11196DBA6E00FE1B9D /* UIKit.framework in Frameworks */,
				60DBEE10196DBA6E00FE1B9D /* Foundation.framework in Frameworks */,
			);
			runOnlyForDeploymentPostprocessing = 0;
		};
/* End PBXFrameworksBuildPhase section */

/* Begin PBXGroup section */
		60DBEDE9196DBA6E00FE1B9D = {
			isa = PBXGroup;
			children = (
				60DBEDFB196DBA6E00FE1B9D /* TableView-Completo */,
				60DBEE14196DBA6E00FE1B9D /* TableView-CompletoTests */,
				60DBEDF4196DBA6E00FE1B9D /* Frameworks */,
				60DBEDF3196DBA6E00FE1B9D /* Products */,
			);
			sourceTree = "<group>";
		};
		60DBEDF3196DBA6E00FE1B9D /* Products */ = {
			isa = PBXGroup;
			children = (
				60DBEDF2196DBA6E00FE1B9D /* TableView-Completo.app */,
				60DBEE0D196DBA6E00FE1B9D /* TableView-CompletoTests.xctest */,
			);
			name = Products;
			sourceTree = "<group>";
		};
		60DBEDF4196DBA6E00FE1B9D /* Frameworks */ = {
			isa = PBXGroup;
			children = (
				60DBEDF5196DBA6E00FE1B9D /* Foundation.framework */,
				60DBEDF7196DBA6E00FE1B9D /* CoreGraphics.framework */,
				60DBEDF9196DBA6E00FE1B9D /* UIKit.framework */,
				60DBEE0E196DBA6E00FE1B9D /* XCTest.framework */,
			);
			name = Frameworks;
			sourceTree = "<group>";
		};
		60DBEDFB196DBA6E00FE1B9D /* TableView-Completo */ = {
			isa = PBXGroup;
			children = (
				60DBEE04196DBA6E00FE1B9D /* AppDelegate.h */,
				60DBEE05196DBA6E00FE1B9D /* AppDelegate.m */,
				60DBEE07196DBA6E00FE1B9D /* Images.xcassets */,
				60DBEDFC196DBA6E00FE1B9D /* Supporting Files */,
				60DBEE24196DBADB00FE1B9D /* MJRPrincipalViewController.h */,
				60DBEE25196DBADB00FE1B9D /* MJRPrincipalViewController.m */,
				60DBEE26196DBADB00FE1B9D /* MJRPrincipalViewController.xib */,
			);
			path = "TableView-Completo";
			sourceTree = "<group>";
		};
		60DBEDFC196DBA6E00FE1B9D /* Supporting Files */ = {
			isa = PBXGroup;
			children = (
				60DBEDFD196DBA6E00FE1B9D /* TableView-Completo-Info.plist */,
				60DBEDFE196DBA6E00FE1B9D /* InfoPlist.strings */,
				60DBEE01196DBA6E00FE1B9D /* main.m */,
				60DBEE03196DBA6E00FE1B9D /* TableView-Completo-Prefix.pch */,
			);
			name = "Supporting Files";
			sourceTree = "<group>";
		};
		60DBEE14196DBA6E00FE1B9D /* TableView-CompletoTests */ = {
			isa = PBXGroup;
			children = (
				60DBEE1A196DBA6E00FE1B9D /* TableView_CompletoTests.m */,
				60DBEE15196DBA6E00FE1B9D /* Supporting Files */,
			);
			path = "TableView-CompletoTests";
			sourceTree = "<group>";
		};
		60DBEE15196DBA6E00FE1B9D /* Supporting Files */ = {
			isa = PBXGroup;
			children = (
				60DBEE16196DBA6E00FE1B9D /* TableView-CompletoTests-Info.plist */,
				60DBEE17196DBA6E00FE1B9D /* InfoPlist.strings */,
			);
			name = "Supporting Files";
			sourceTree = "<group>";
		};
/* End PBXGroup section */

/* Begin PBXNativeTarget section */
		60DBEDF1196DBA6E00FE1B9D /* TableView-Completo */ = {
			isa = PBXNativeTarget;
			buildConfigurationList = 60DBEE1E196DBA6E00FE1B9D /* Build configuration list for PBXNativeTarget "TableView-Completo" */;
			buildPhases = (
				60DBEDEE196DBA6E00FE1B9D /* Sources */,
				60DBEDEF196DBA6E00FE1B9D /* Frameworks */,
				60DBEDF0196DBA6E00FE1B9D /* Resources */,
			);
			buildRules = (
			);
			dependencies = (
			);
			name = "TableView-Completo";
			productName = "TableView-Completo";
			productReference = 60DBEDF2196DBA6E00FE1B9D /* TableView-Completo.app */;
			productType = "com.apple.product-type.application";
		};
		60DBEE0C196DBA6E00FE1B9D /* TableView-CompletoTests */ = {
			isa = PBXNativeTarget;
			buildConfigurationList = 60DBEE21196DBA6E00FE1B9D /* Build configuration list for PBXNativeTarget "TableView-CompletoTests" */;
			buildPhases = (
				60DBEE09196DBA6E00FE1B9D /* Sources */,
				60DBEE0A196DBA6E00FE1B9D /* Frameworks */,
				60DBEE0B196DBA6E00FE1B9D /* Resources */,
			);
			buildRules = (
			);
			dependencies = (
				60DBEE13196DBA6E00FE1B9D /* PBXTargetDependency */,
			);
			name = "TableView-CompletoTests";
			productName = "TableView-CompletoTests";
			productReference = 60DBEE0D196DBA6E00FE1B9D /* TableView-CompletoTests.xctest */;
			productType = "com.apple.product-type.bundle.unit-test";
		};
/* End PBXNativeTarget section */

/* Begin PBXProject section */
		60DBEDEA196DBA6E00FE1B9D /* Project object */ = {
			isa = PBXProject;
			attributes = {
				LastUpgradeCheck = 0510;
				ORGANIZATIONNAME = "Luis Resende";
				TargetAttributes = {
					60DBEE0C196DBA6E00FE1B9D = {
						TestTargetID = 60DBEDF1196DBA6E00FE1B9D;
					};
				};
			};
			buildConfigurationList = 60DBEDED196DBA6E00FE1B9D /* Build configuration list for PBXProject "TableView-Completo" */;
			compatibilityVersion = "Xcode 3.2";
			developmentRegion = English;
			hasScannedForEncodings = 0;
			knownRegions = (
				en,
			);
			mainGroup = 60DBEDE9196DBA6E00FE1B9D;
			productRefGroup = 60DBEDF3196DBA6E00FE1B9D /* Products */;
			projectDirPath = "";
			projectRoot = "";
			targets = (
				60DBEDF1196DBA6E00FE1B9D /* TableView-Completo */,
				60DBEE0C196DBA6E00FE1B9D /* TableView-CompletoTests */,
			);
		};
/* End PBXProject section */

/* Begin PBXResourcesBuildPhase section */
		60DBEDF0196DBA6E00FE1B9D /* Resources */ = {
			isa = PBXResourcesBuildPhase;
			buildActionMask = 2147483647;
			files = (
				60DBEE28196DBADB00FE1B9D /* MJRPrincipalViewController.xib in Resources */,
				60DBEE00196DBA6E00FE1B9D /* InfoPlist.strings in Resources */,
				60DBEE08196DBA6E00FE1B9D /* Images.xcassets in Resources */,
			);
			runOnlyForDeploymentPostprocessing = 0;
		};
		60DBEE0B196DBA6E00FE1B9D /* Resources */ = {
			isa = PBXResourcesBuildPhase;
			buildActionMask = 2147483647;
			files = (
				60DBEE19196DBA6E00FE1B9D /* InfoPlist.strings in Resources */,
			);
			runOnlyForDeploymentPostprocessing = 0;
		};
/* End PBXResourcesBuildPhase section */

/* Begin PBXSourcesBuildPhase section */
		60DBEDEE196DBA6E00FE1B9D /* Sources */ = {
			isa = PBXSourcesBuildPhase;
			buildActionMask = 2147483647;
			files = (
				60DBEE06196DBA6E00FE1B9D /* AppDelegate.m in Sources */,
				60DBEE02196DBA6E00FE1B9D /* main.m in Sources */,
				60DBEE27196DBADB00FE1B9D /* MJRPrincipalViewController.m in Sources */,
			);
			runOnlyForDeploymentPostprocessing = 0;
		};
		60DBEE09196DBA6E00FE1B9D /* Sources */ = {
			isa = PBXSourcesBuildPhase;
			buildActionMask = 2147483647;
			files = (
				60DBEE1B196DBA6E00FE1B9D /* TableView_CompletoTests.m in Sources */,
			);
			runOnlyForDeploymentPostprocessing = 0;
		};
/* End PBXSourcesBuildPhase section */

/* Begin PBXTargetDependency section */
		60DBEE13196DBA6E00FE1B9D /* PBXTargetDependency */ = {
			isa = PBXTargetDependency;
			target = 60DBEDF1196DBA6E00FE1B9D /* TableView-Completo */;
			targetProxy = 60DBEE12196DBA6E00FE1B9D /* PBXContainerItemProxy */;
		};
/* End PBXTargetDependency section */

/* Begin PBXVariantGroup section */
		60DBEDFE196DBA6E00FE1B9D /* InfoPlist.strings */ = {
			isa = PBXVariantGroup;
			children = (
				60DBEDFF196DBA6E00FE1B9D /* en */,
			);
			name = InfoPlist.strings;
			sourceTree = "<group>";
		};
		60DBEE17196DBA6E00FE1B9D /* InfoPlist.strings */ = {
			isa = PBXVariantGroup;
			children = (
				60DBEE18196DBA6E00FE1B9D /* en */,
			);
			name = InfoPlist.strings;
			sourceTree = "<group>";
		};
/* End PBXVariantGroup section */

/* Begin XCBuildConfiguration section */
		60DBEE1C196DBA6E00FE1B9D /* Debug */ = {
			isa = XCBuildConfiguration;
			buildSettings = {
				ALWAYS_SEARCH_USER_PATHS = NO;
				CLANG_CXX_LANGUAGE_STANDARD = "gnu++0x";
				CLANG_CXX_LIBRARY = "libc++";
				CLANG_ENABLE_MODULES = YES;
				CLANG_ENABLE_OBJC_ARC = YES;
				CLANG_WARN_BOOL_CONVERSION = YES;
				CLANG_WARN_CONSTANT_CONVERSION = YES;
				CLANG_WARN_DIRECT_OBJC_ISA_USAGE = YES_ERROR;
				CLANG_WARN_EMPTY_BODY = YES;
				CLANG_WARN_ENUM_CONVERSION = YES;
				CLANG_WARN_INT_CONVERSION = YES;
				CLANG_WARN_OBJC_ROOT_CLASS = YES_ERROR;
				CLANG_WARN__DUPLICATE_METHOD_MATCH = YES;
				"CODE_SIGN_IDENTITY[sdk=iphoneos*]" = "iPhone Developer";
				COPY_PHASE_STRIP = NO;
				GCC_C_LANGUAGE_STANDARD = gnu99;
				GCC_DYNAMIC_NO_PIC = NO;
				GCC_OPTIMIZATION_LEVEL = 0;
				GCC_PREPROCESSOR_DEFINITIONS = (
					"DEBUG=1",
					"$(inherited)",
				);
				GCC_SYMBOLS_PRIVATE_EXTERN = NO;
				GCC_WARN_64_TO_32_BIT_CONVERSION = YES;
				GCC_WARN_ABOUT_RETURN_TYPE = YES_ERROR;
				GCC_WARN_UNDECLARED_SELECTOR = YES;
				GCC_WARN_UNINITIALIZED_AUTOS = YES_AGGRESSIVE;
				GCC_WARN_UNUSED_FUNCTION = YES;
				GCC_WARN_UNUSED_VARIABLE = YES;
				IPHONEOS_DEPLOYMENT_TARGET = 7.1;
				ONLY_ACTIVE_ARCH = YES;
				SDKROOT = iphoneos;
			};
			name = Debug;
		};
		60DBEE1D196DBA6E00FE1B9D /* Release */ = {
			isa = XCBuildConfiguration;
			buildSettings = {
				ALWAYS_SEARCH_USER_PATHS = NO;
				CLANG_CXX_LANGUAGE_STANDARD = "gnu++0x";
				CLANG_CXX_LIBRARY = "libc++";
				CLANG_ENABLE_MODULES = YES;
				CLANG_ENABLE_OBJC_ARC = YES;
				CLANG_WARN_BOOL_CONVERSION = YES;
				CLANG_WARN_CONSTANT_CONVERSION = YES;
				CLANG_WARN_DIRECT_OBJC_ISA_USAGE = YES_ERROR;
				CLANG_WARN_EMPTY_BODY = YES;
				CLANG_WARN_ENUM_CONVERSION = YES;
				CLANG_WARN_INT_CONVERSION = YES;
				CLANG_WARN_OBJC_ROOT_CLASS = YES_ERROR;
				CLANG_WARN__DUPLICATE_METHOD_MATCH = YES;
				"CODE_SIGN_IDENTITY[sdk=iphoneos*]" = "iPhone Developer";
				COPY_PHASE_STRIP = YES;
				ENABLE_NS_ASSERTIONS = NO;
				GCC_C_LANGUAGE_STANDARD = gnu99;
				GCC_WARN_64_TO_32_BIT_CONVERSION = YES;
				GCC_WARN_ABOUT_RETURN_TYPE = YES_ERROR;
				GCC_WARN_UNDECLARED_SELECTOR = YES;
				GCC_WARN_UNINITIALIZED_AUTOS = YES_AGGRESSIVE;
				GCC_WARN_UNUSED_FUNCTION = YES;
				GCC_WARN_UNUSED_VARIABLE = YES;
				IPHONEOS_DEPLOYMENT_TARGET = 7.1;
				SDKROOT = iphoneos;
				VALIDATE_PRODUCT = YES;
			};
			name = Release;
		};
		60DBEE1F196DBA6E00FE1B9D /* Debug */ = {
			isa = XCBuildConfiguration;
			buildSettings = {
				ASSETCATALOG_COMPILER_APPICON_NAME = AppIcon;
				ASSETCATALOG_COMPILER_LAUNCHIMAGE_NAME = LaunchImage;
				GCC_PRECOMPILE_PREFIX_HEADER = YES;
				GCC_PREFIX_HEADER = "TableView-Completo/TableView-Completo-Prefix.pch";
				INFOPLIST_FILE = "TableView-Completo/TableView-Completo-Info.plist";
				PRODUCT_NAME = "$(TARGET_NAME)";
				WRAPPER_EXTENSION = app;
			};
			name = Debug;
		};
		60DBEE20196DBA6E00FE1B9D /* Release */ = {
			isa = XCBuildConfiguration;
			buildSettings = {
				ASSETCATALOG_COMPILER_APPICON_NAME = AppIcon;
				ASSETCATALOG_COMPILER_LAUNCHIMAGE_NAME = LaunchImage;
				GCC_PRECOMPILE_PREFIX_HEADER = YES;
				GCC_PREFIX_HEADER = "TableView-Completo/TableView-Completo-Prefix.pch";
				INFOPLIST_FILE = "TableView-Completo/TableView-Completo-Info.plist";
				PRODUCT_NAME = "$(TARGET_NAME)";
				WRAPPER_EXTENSION = app;
			};
			name = Release;
		};
		60DBEE22196DBA6E00FE1B9D /* Debug */ = {
			isa = XCBuildConfiguration;
			buildSettings = {
				BUNDLE_LOADER = "$(BUILT_PRODUCTS_DIR)/TableView-Completo.app/TableView-Completo";
				FRAMEWORK_SEARCH_PATHS = (
					"$(SDKROOT)/Developer/Library/Frameworks",
					"$(inherited)",
					"$(DEVELOPER_FRAMEWORKS_DIR)",
				);
				GCC_PRECOMPILE_PREFIX_HEADER = YES;
				GCC_PREFIX_HEADER = "TableView-Completo/TableView-Completo-Prefix.pch";
				GCC_PREPROCESSOR_DEFINITIONS = (
					"DEBUG=1",
					"$(inherited)",
				);
				INFOPLIST_FILE = "TableView-CompletoTests/TableView-CompletoTests-Info.plist";
				PRODUCT_NAME = "$(TARGET_NAME)";
				TEST_HOST = "$(BUNDLE_LOADER)";
				WRAPPER_EXTENSION = xctest;
			};
			name = Debug;
		};
		60DBEE23196DBA6E00FE1B9D /* Release */ = {
			isa = XCBuildConfiguration;
			buildSettings = {
				BUNDLE_LOADER = "$(BUILT_PRODUCTS_DIR)/TableView-Completo.app/TableView-Completo";
				FRAMEWORK_SEARCH_PATHS = (
					"$(SDKROOT)/Developer/Library/Frameworks",
					"$(inherited)",
					"$(DEVELOPER_FRAMEWORKS_DIR)",
				);
				GCC_PRECOMPILE_PREFIX_HEADER = YES;
				GCC_PREFIX_HEADER = "TableView-Completo/TableView-Completo-Prefix.pch";
				INFOPLIST_FILE = "TableView-CompletoTests/TableView-CompletoTests-Info.plist";
				PRODUCT_NAME = "$(TARGET_NAME)";
				TEST_HOST = "$(BUNDLE_LOADER)";
				WRAPPER_EXTENSION = xctest;
			};
			name = Release;
		};
/* End XCBuildConfiguration section */

/* Begin XCConfigurationList section */
		60DBEDED196DBA6E00FE1B9D /* Build configuration list for PBXProject "TableView-Completo" */ = {
			isa = XCConfigurationList;
			buildConfigurations = (
				60DBEE1C196DBA6E00FE1B9D /* Debug */,
				60DBEE1D196DBA6E00FE1B9D /* Release */,
			);
			defaultConfigurationIsVisible = 0;
			defaultConfigurationName = Release;
		};
		60DBEE1E196DBA6E00FE1B9D /* Build configuration list for PBXNativeTarget "TableView-Completo" */ = {
			isa = XCConfigurationList;
			buildConfigurations = (
				60DBEE1F196DBA6E00FE1B9D /* Debug */,
				60DBEE20196DBA6E00FE1B9D /* Release */,
			);
			defaultConfigurationIsVisible = 0;
		};
		60DBEE21196DBA6E00FE1B9D /* Build configuration list for PBXNativeTarget "TableView-CompletoTests" */ = {
			isa = XCConfigurationList;
			buildConfigurations = (
				60DBEE22196DBA6E00FE1B9D /* Debug */,
				60DBEE23196DBA6E00FE1B9D /* Release */,
			);
			defaultConfigurationIsVisible = 0;
		};
/* End XCConfigurationList section */
	};
	rootObject = 60DBEDEA196DBA6E00FE1B9D /* Project object */;
}
